
Microsoft Visual Studio Solution File, Format Version 12.00
# Visual Studio Version 17
VisualStudioVersion = 17.0.32014.148
MinimumVisualStudioVersion = 10.0.40219.1
Project("{FAE04EC0-301F-11D3-BF4B-00C04F79EFBC}") = "08 - Add Image to Buttons", "08 - Add Image to Buttons\08 - Add Image to Buttons.csproj", "{F27062DE-D5AA-44AF-AC82-746DF1083BC4}"
EndProject
Global
	GlobalSection(SolutionConfigurationPlatforms) = preSolution
		Debug|Any CPU = Debug|Any CPU
		Release|Any CPU = Release|Any CPU
	EndGlobalSection
	GlobalSection(ProjectConfigurationPlatforms) = postSolution
		{F27062DE-D5AA-44AF-AC82-746DF1083BC4}.Debug|Any CPU.ActiveCfg = Debug|Any CPU
		{F27062DE-D5AA-44AF-AC82-746DF1083BC4}.Debug|Any CPU.Build.0 = Debug|Any CPU
		{F27062DE-D5AA-44AF-AC82-746DF1083BC4}.Release|Any CPU.ActiveCfg = Release|Any CPU
		{F27062DE-D5AA-44AF-AC82-746DF1083BC4}.Release|Any CPU.Build.0 = Release|Any CPU
	EndGlobalSection
	GlobalSection(SolutionProperties) = preSolution
		HideSolutionNode = FALSE
	EndGlobalSection
	GlobalSection(ExtensibilityGlobals) = postSolution
		SolutionGuid = {2FF2032A-0CE0-4789-AE07-866199FDDB15}
	EndGlobalSection
EndGlobal
