
Microsoft Visual Studio Solution File, Format Version 12.00
# Visual Studio Version 17
VisualStudioVersion = 17.0.32014.148
MinimumVisualStudioVersion = 10.0.40219.1
Project("{FAE04EC0-301F-11D3-BF4B-00C04F79EFBC}") = "02 - Add Buttons to Ribbon Control", "02 - Add Buttons to Ribbon Control\02 - Add Buttons to Ribbon Control.csproj", "{9809350F-D484-44E5-862A-8B35A4D5FFE6}"
EndProject
Global
	GlobalSection(SolutionConfigurationPlatforms) = preSolution
		Debug|Any CPU = Debug|Any CPU
		Release|Any CPU = Release|Any CPU
	EndGlobalSection
	GlobalSection(ProjectConfigurationPlatforms) = postSolution
		{9809350F-D484-44E5-862A-8B35A4D5FFE6}.Debug|Any CPU.ActiveCfg = Debug|Any CPU
		{9809350F-D484-44E5-862A-8B35A4D5FFE6}.Debug|Any CPU.Build.0 = Debug|Any CPU
		{9809350F-D484-44E5-862A-8B35A4D5FFE6}.Release|Any CPU.ActiveCfg = Release|Any CPU
		{9809350F-D484-44E5-862A-8B35A4D5FFE6}.Release|Any CPU.Build.0 = Release|Any CPU
	EndGlobalSection
	GlobalSection(SolutionProperties) = preSolution
		HideSolutionNode = FALSE
	EndGlobalSection
	GlobalSection(ExtensibilityGlobals) = postSolution
		SolutionGuid = {87DDB314-7812-46E7-BD06-8571A7C9A19B}
	EndGlobalSection
EndGlobal
