
Microsoft Visual Studio Solution File, Format Version 12.00
# Visual Studio Version 17
VisualStudioVersion = 17.0.32014.148
MinimumVisualStudioVersion = 10.0.40219.1
Project("{FAE04EC0-301F-11D3-BF4B-00C04F79EFBC}") = "09 - Using Special Folders", "09 - Using Special Folders\09 - Using Special Folders.csproj", "{1221BACA-EDBE-47DC-B3BA-19E03048841B}"
EndProject
Global
	GlobalSection(SolutionConfigurationPlatforms) = preSolution
		Debug|Any CPU = Debug|Any CPU
		Release|Any CPU = Release|Any CPU
	EndGlobalSection
	GlobalSection(ProjectConfigurationPlatforms) = postSolution
		{1221BACA-EDBE-47DC-B3BA-19E03048841B}.Debug|Any CPU.ActiveCfg = Debug|Any CPU
		{1221BACA-EDBE-47DC-B3BA-19E03048841B}.Debug|Any CPU.Build.0 = Debug|Any CPU
		{1221BACA-EDBE-47DC-B3BA-19E03048841B}.Release|Any CPU.ActiveCfg = Release|Any CPU
		{1221BACA-EDBE-47DC-B3BA-19E03048841B}.Release|Any CPU.Build.0 = Release|Any CPU
	EndGlobalSection
	GlobalSection(SolutionProperties) = preSolution
		HideSolutionNode = FALSE
	EndGlobalSection
	GlobalSection(ExtensibilityGlobals) = postSolution
		SolutionGuid = {0E927481-3F7F-47B6-AF88-28E4A5812952}
	EndGlobalSection
EndGlobal
