
Microsoft Visual Studio Solution File, Format Version 12.00
# Visual Studio Version 17
VisualStudioVersion = 17.0.32014.148
MinimumVisualStudioVersion = 10.0.40219.1
Project("{FAE04EC0-301F-11D3-BF4B-00C04F79EFBC}") = "04 - Create Image e Round Button", "04 - Create Image e Round Button\04 - Create Image e Round Button.csproj", "{0EC086E2-F92E-4FBA-8F4C-D1CA2AFB0A6F}"
EndProject
Global
	GlobalSection(SolutionConfigurationPlatforms) = preSolution
		Debug|Any CPU = Debug|Any CPU
		Release|Any CPU = Release|Any CPU
	EndGlobalSection
	GlobalSection(ProjectConfigurationPlatforms) = postSolution
		{0EC086E2-F92E-4FBA-8F4C-D1CA2AFB0A6F}.Debug|Any CPU.ActiveCfg = Debug|Any CPU
		{0EC086E2-F92E-4FBA-8F4C-D1CA2AFB0A6F}.Debug|Any CPU.Build.0 = Debug|Any CPU
		{0EC086E2-F92E-4FBA-8F4C-D1CA2AFB0A6F}.Release|Any CPU.ActiveCfg = Release|Any CPU
		{0EC086E2-F92E-4FBA-8F4C-D1CA2AFB0A6F}.Release|Any CPU.Build.0 = Release|Any CPU
	EndGlobalSection
	GlobalSection(SolutionProperties) = preSolution
		HideSolutionNode = FALSE
	EndGlobalSection
	GlobalSection(ExtensibilityGlobals) = postSolution
		SolutionGuid = {1527E611-9235-4D34-85F0-EDD40BE87EBA}
	EndGlobalSection
EndGlobal
