
Microsoft Visual Studio Solution File, Format Version 12.00
# Visual Studio Version 17
VisualStudioVersion = 17.0.32014.148
MinimumVisualStudioVersion = 10.0.40219.1
Project("{FAE04EC0-301F-11D3-BF4B-00C04F79EFBC}") = "07 - OneWay to Source", "07 - OneWay to Source\07 - OneWay to Source.csproj", "{99441780-0364-4050-BAA5-F30AE5086EE2}"
EndProject
Global
	GlobalSection(SolutionConfigurationPlatforms) = preSolution
		Debug|Any CPU = Debug|Any CPU
		Release|Any CPU = Release|Any CPU
	EndGlobalSection
	GlobalSection(ProjectConfigurationPlatforms) = postSolution
		{99441780-0364-4050-BAA5-F30AE5086EE2}.Debug|Any CPU.ActiveCfg = Debug|Any CPU
		{99441780-0364-4050-BAA5-F30AE5086EE2}.Debug|Any CPU.Build.0 = Debug|Any CPU
		{99441780-0364-4050-BAA5-F30AE5086EE2}.Release|Any CPU.ActiveCfg = Release|Any CPU
		{99441780-0364-4050-BAA5-F30AE5086EE2}.Release|Any CPU.Build.0 = Release|Any CPU
	EndGlobalSection
	GlobalSection(SolutionProperties) = preSolution
		HideSolutionNode = FALSE
	EndGlobalSection
	GlobalSection(ExtensibilityGlobals) = postSolution
		SolutionGuid = {F97BAF79-6014-4C17-8F01-1DA8F4C7BF3B}
	EndGlobalSection
EndGlobal
