
Microsoft Visual Studio Solution File, Format Version 12.00
# Visual Studio Version 17
VisualStudioVersion = 17.0.32014.148
MinimumVisualStudioVersion = 10.0.40219.1
Project("{FAE04EC0-301F-11D3-BF4B-00C04F79EFBC}") = "01 - Design to Work with TextBox", "01 - Design to Work with TextBox\01 - Design to Work with TextBox.csproj", "{8654980D-C6F9-4868-88EE-2D0098DDFDD7}"
EndProject
Global
	GlobalSection(SolutionConfigurationPlatforms) = preSolution
		Debug|Any CPU = Debug|Any CPU
		Release|Any CPU = Release|Any CPU
	EndGlobalSection
	GlobalSection(ProjectConfigurationPlatforms) = postSolution
		{8654980D-C6F9-4868-88EE-2D0098DDFDD7}.Debug|Any CPU.ActiveCfg = Debug|Any CPU
		{8654980D-C6F9-4868-88EE-2D0098DDFDD7}.Debug|Any CPU.Build.0 = Debug|Any CPU
		{8654980D-C6F9-4868-88EE-2D0098DDFDD7}.Release|Any CPU.ActiveCfg = Release|Any CPU
		{8654980D-C6F9-4868-88EE-2D0098DDFDD7}.Release|Any CPU.Build.0 = Release|Any CPU
	EndGlobalSection
	GlobalSection(SolutionProperties) = preSolution
		HideSolutionNode = FALSE
	EndGlobalSection
	GlobalSection(ExtensibilityGlobals) = postSolution
		SolutionGuid = {DFDE01E2-CB91-4A8C-B058-956981854C4A}
	EndGlobalSection
EndGlobal
