
Microsoft Visual Studio Solution File, Format Version 12.00
# Visual Studio Version 17
VisualStudioVersion = 17.0.32014.148
MinimumVisualStudioVersion = 10.0.40219.1
Project("{FAE04EC0-301F-11D3-BF4B-00C04F79EFBC}") = "07 - Create Multi-Column in ListView", "07 - Create Multi-Column in ListView\07 - Create Multi-Column in ListView.csproj", "{6B38D6D9-4514-4E03-B292-6E494C3999D8}"
EndProject
Global
	GlobalSection(SolutionConfigurationPlatforms) = preSolution
		Debug|Any CPU = Debug|Any CPU
		Release|Any CPU = Release|Any CPU
	EndGlobalSection
	GlobalSection(ProjectConfigurationPlatforms) = postSolution
		{6B38D6D9-4514-4E03-B292-6E494C3999D8}.Debug|Any CPU.ActiveCfg = Debug|Any CPU
		{6B38D6D9-4514-4E03-B292-6E494C3999D8}.Debug|Any CPU.Build.0 = Debug|Any CPU
		{6B38D6D9-4514-4E03-B292-6E494C3999D8}.Release|Any CPU.ActiveCfg = Release|Any CPU
		{6B38D6D9-4514-4E03-B292-6E494C3999D8}.Release|Any CPU.Build.0 = Release|Any CPU
	EndGlobalSection
	GlobalSection(SolutionProperties) = preSolution
		HideSolutionNode = FALSE
	EndGlobalSection
	GlobalSection(ExtensibilityGlobals) = postSolution
		SolutionGuid = {BC61F5BE-C821-4C80-AB01-1AF85BAF4242}
	EndGlobalSection
EndGlobal
