
Microsoft Visual Studio Solution File, Format Version 12.00
# Visual Studio Version 17
VisualStudioVersion = 17.0.32014.148
MinimumVisualStudioVersion = 10.0.40219.1
Project("{FAE04EC0-301F-11D3-BF4B-00C04F79EFBC}") = "08 - Items to ComboBox by Properties", "08 - Items to ComboBox by Properties\08 - Items to ComboBox by Properties.csproj", "{7AED24C6-BD16-4D2A-9A48-450E43820EFA}"
EndProject
Global
	GlobalSection(SolutionConfigurationPlatforms) = preSolution
		Debug|Any CPU = Debug|Any CPU
		Release|Any CPU = Release|Any CPU
	EndGlobalSection
	GlobalSection(ProjectConfigurationPlatforms) = postSolution
		{7AED24C6-BD16-4D2A-9A48-450E43820EFA}.Debug|Any CPU.ActiveCfg = Debug|Any CPU
		{7AED24C6-BD16-4D2A-9A48-450E43820EFA}.Debug|Any CPU.Build.0 = Debug|Any CPU
		{7AED24C6-BD16-4D2A-9A48-450E43820EFA}.Release|Any CPU.ActiveCfg = Release|Any CPU
		{7AED24C6-BD16-4D2A-9A48-450E43820EFA}.Release|Any CPU.Build.0 = Release|Any CPU
	EndGlobalSection
	GlobalSection(SolutionProperties) = preSolution
		HideSolutionNode = FALSE
	EndGlobalSection
	GlobalSection(ExtensibilityGlobals) = postSolution
		SolutionGuid = {FF1E53A8-AB54-4DB5-AB97-DB0404E0CF9C}
	EndGlobalSection
EndGlobal
