
Microsoft Visual Studio Solution File, Format Version 12.00
# Visual Studio Version 17
VisualStudioVersion = 17.0.32014.148
MinimumVisualStudioVersion = 10.0.40219.1
Project("{FAE04EC0-301F-11D3-BF4B-00C04F79EFBC}") = "02 - First C_sharp Write code", "02 - First C_sharp Write code\02 - First C_sharp Write code.csproj", "{8AABDD83-DE6D-4D00-A512-C762F20A63CD}"
EndProject
Global
	GlobalSection(SolutionConfigurationPlatforms) = preSolution
		Debug|Any CPU = Debug|Any CPU
		Release|Any CPU = Release|Any CPU
	EndGlobalSection
	GlobalSection(ProjectConfigurationPlatforms) = postSolution
		{8AABDD83-DE6D-4D00-A512-C762F20A63CD}.Debug|Any CPU.ActiveCfg = Debug|Any CPU
		{8AABDD83-DE6D-4D00-A512-C762F20A63CD}.Debug|Any CPU.Build.0 = Debug|Any CPU
		{8AABDD83-DE6D-4D00-A512-C762F20A63CD}.Release|Any CPU.ActiveCfg = Release|Any CPU
		{8AABDD83-DE6D-4D00-A512-C762F20A63CD}.Release|Any CPU.Build.0 = Release|Any CPU
	EndGlobalSection
	GlobalSection(SolutionProperties) = preSolution
		HideSolutionNode = FALSE
	EndGlobalSection
	GlobalSection(ExtensibilityGlobals) = postSolution
		SolutionGuid = {F02DAF6A-B34B-4ED1-B8C8-D9DD06A782BC}
	EndGlobalSection
EndGlobal
