
Microsoft Visual Studio Solution File, Format Version 12.00
# Visual Studio Version 17
VisualStudioVersion = 17.0.32014.148
MinimumVisualStudioVersion = 10.0.40219.1
Project("{FAE04EC0-301F-11D3-BF4B-00C04F79EFBC}") = "05 -  Using OpenFileDialouge", "05 -  Using OpenFileDialouge\05 -  Using OpenFileDialouge.csproj", "{8C091BBE-5B80-426A-AD46-2FBA361E7137}"
EndProject
Global
	GlobalSection(SolutionConfigurationPlatforms) = preSolution
		Debug|Any CPU = Debug|Any CPU
		Release|Any CPU = Release|Any CPU
	EndGlobalSection
	GlobalSection(ProjectConfigurationPlatforms) = postSolution
		{8C091BBE-5B80-426A-AD46-2FBA361E7137}.Debug|Any CPU.ActiveCfg = Debug|Any CPU
		{8C091BBE-5B80-426A-AD46-2FBA361E7137}.Debug|Any CPU.Build.0 = Debug|Any CPU
		{8C091BBE-5B80-426A-AD46-2FBA361E7137}.Release|Any CPU.ActiveCfg = Release|Any CPU
		{8C091BBE-5B80-426A-AD46-2FBA361E7137}.Release|Any CPU.Build.0 = Release|Any CPU
	EndGlobalSection
	GlobalSection(SolutionProperties) = preSolution
		HideSolutionNode = FALSE
	EndGlobalSection
	GlobalSection(ExtensibilityGlobals) = postSolution
		SolutionGuid = {21050149-75D3-477A-9121-E682CC398C60}
	EndGlobalSection
EndGlobal
