
Microsoft Visual Studio Solution File, Format Version 12.00
# Visual Studio Version 17
VisualStudioVersion = 17.0.32014.148
MinimumVisualStudioVersion = 10.0.40219.1
Project("{FAE04EC0-301F-11D3-BF4B-00C04F79EFBC}") = "04 - Using Grid Resource", "04 - Using Grid Resource\04 - Using Grid Resource.csproj", "{DBE13C54-0CA2-4708-B793-E066C1FBDF44}"
EndProject
Global
	GlobalSection(SolutionConfigurationPlatforms) = preSolution
		Debug|Any CPU = Debug|Any CPU
		Release|Any CPU = Release|Any CPU
	EndGlobalSection
	GlobalSection(ProjectConfigurationPlatforms) = postSolution
		{DBE13C54-0CA2-4708-B793-E066C1FBDF44}.Debug|Any CPU.ActiveCfg = Debug|Any CPU
		{DBE13C54-0CA2-4708-B793-E066C1FBDF44}.Debug|Any CPU.Build.0 = Debug|Any CPU
		{DBE13C54-0CA2-4708-B793-E066C1FBDF44}.Release|Any CPU.ActiveCfg = Release|Any CPU
		{DBE13C54-0CA2-4708-B793-E066C1FBDF44}.Release|Any CPU.Build.0 = Release|Any CPU
	EndGlobalSection
	GlobalSection(SolutionProperties) = preSolution
		HideSolutionNode = FALSE
	EndGlobalSection
	GlobalSection(ExtensibilityGlobals) = postSolution
		SolutionGuid = {0C3ACE6B-071C-4466-AB0F-715A35DF221E}
	EndGlobalSection
EndGlobal
