
Microsoft Visual Studio Solution File, Format Version 12.00
# Visual Studio Version 17
VisualStudioVersion = 17.0.32014.148
MinimumVisualStudioVersion = 10.0.40219.1
Project("{FAE04EC0-301F-11D3-BF4B-00C04F79EFBC}") = "02 - Show a Window as Dialog by Code", "02 - Show a Window as Dialog by Code\02 - Show a Window as Dialog by Code.csproj", "{03EE0D38-93B3-427D-8623-C61427A4B729}"
EndProject
Global
	GlobalSection(SolutionConfigurationPlatforms) = preSolution
		Debug|Any CPU = Debug|Any CPU
		Release|Any CPU = Release|Any CPU
	EndGlobalSection
	GlobalSection(ProjectConfigurationPlatforms) = postSolution
		{03EE0D38-93B3-427D-8623-C61427A4B729}.Debug|Any CPU.ActiveCfg = Debug|Any CPU
		{03EE0D38-93B3-427D-8623-C61427A4B729}.Debug|Any CPU.Build.0 = Debug|Any CPU
		{03EE0D38-93B3-427D-8623-C61427A4B729}.Release|Any CPU.ActiveCfg = Release|Any CPU
		{03EE0D38-93B3-427D-8623-C61427A4B729}.Release|Any CPU.Build.0 = Release|Any CPU
	EndGlobalSection
	GlobalSection(SolutionProperties) = preSolution
		HideSolutionNode = FALSE
	EndGlobalSection
	GlobalSection(ExtensibilityGlobals) = postSolution
		SolutionGuid = {F3B2CDDF-30AE-4737-98DE-370DA69DE7F9}
	EndGlobalSection
EndGlobal
