
Microsoft Visual Studio Solution File, Format Version 12.00
# Visual Studio Version 17
VisualStudioVersion = 17.0.32014.148
MinimumVisualStudioVersion = 10.0.40219.1
Project("{FAE04EC0-301F-11D3-BF4B-00C04F79EFBC}") = "02 - Grouping Controls Together", "02 - Grouping Controls Together\02 - Grouping Controls Together.csproj", "{BB5B65C0-3D38-4918-B467-581071757337}"
EndProject
Global
	GlobalSection(SolutionConfigurationPlatforms) = preSolution
		Debug|Any CPU = Debug|Any CPU
		Release|Any CPU = Release|Any CPU
	EndGlobalSection
	GlobalSection(ProjectConfigurationPlatforms) = postSolution
		{BB5B65C0-3D38-4918-B467-581071757337}.Debug|Any CPU.ActiveCfg = Debug|Any CPU
		{BB5B65C0-3D38-4918-B467-581071757337}.Debug|Any CPU.Build.0 = Debug|Any CPU
		{BB5B65C0-3D38-4918-B467-581071757337}.Release|Any CPU.ActiveCfg = Release|Any CPU
		{BB5B65C0-3D38-4918-B467-581071757337}.Release|Any CPU.Build.0 = Release|Any CPU
	EndGlobalSection
	GlobalSection(SolutionProperties) = preSolution
		HideSolutionNode = FALSE
	EndGlobalSection
	GlobalSection(ExtensibilityGlobals) = postSolution
		SolutionGuid = {7BAF1F5E-41FE-4D50-934B-2BF669837072}
	EndGlobalSection
EndGlobal
