
Microsoft Visual Studio Solution File, Format Version 12.00
# Visual Studio Version 17
VisualStudioVersion = 17.0.32014.148
MinimumVisualStudioVersion = 10.0.40219.1
Project("{FAE04EC0-301F-11D3-BF4B-00C04F79EFBC}") = "05 - Get Special Folders by Code", "05 - Get Special Folders by Code\05 - Get Special Folders by Code.csproj", "{F7066BA6-9E9F-4F28-BE9C-4232222946DE}"
EndProject
Global
	GlobalSection(SolutionConfigurationPlatforms) = preSolution
		Debug|Any CPU = Debug|Any CPU
		Release|Any CPU = Release|Any CPU
	EndGlobalSection
	GlobalSection(ProjectConfigurationPlatforms) = postSolution
		{F7066BA6-9E9F-4F28-BE9C-4232222946DE}.Debug|Any CPU.ActiveCfg = Debug|Any CPU
		{F7066BA6-9E9F-4F28-BE9C-4232222946DE}.Debug|Any CPU.Build.0 = Debug|Any CPU
		{F7066BA6-9E9F-4F28-BE9C-4232222946DE}.Release|Any CPU.ActiveCfg = Release|Any CPU
		{F7066BA6-9E9F-4F28-BE9C-4232222946DE}.Release|Any CPU.Build.0 = Release|Any CPU
	EndGlobalSection
	GlobalSection(SolutionProperties) = preSolution
		HideSolutionNode = FALSE
	EndGlobalSection
	GlobalSection(ExtensibilityGlobals) = postSolution
		SolutionGuid = {28C1AF0C-A722-4DFB-9FEB-E9065A2EE6BD}
	EndGlobalSection
EndGlobal
