
Microsoft Visual Studio Solution File, Format Version 12.00
# Visual Studio Version 17
VisualStudioVersion = 17.0.32014.148
MinimumVisualStudioVersion = 10.0.40219.1
Project("{FAE04EC0-301F-11D3-BF4B-00C04F79EFBC}") = "02 - Windows Startup Location", "02 - Windows Startup Location\02 - Windows Startup Location.csproj", "{1340FCA6-215A-4D59-9D0E-A23BD17E0F6E}"
EndProject
Global
	GlobalSection(SolutionConfigurationPlatforms) = preSolution
		Debug|Any CPU = Debug|Any CPU
		Release|Any CPU = Release|Any CPU
	EndGlobalSection
	GlobalSection(ProjectConfigurationPlatforms) = postSolution
		{1340FCA6-215A-4D59-9D0E-A23BD17E0F6E}.Debug|Any CPU.ActiveCfg = Debug|Any CPU
		{1340FCA6-215A-4D59-9D0E-A23BD17E0F6E}.Debug|Any CPU.Build.0 = Debug|Any CPU
		{1340FCA6-215A-4D59-9D0E-A23BD17E0F6E}.Release|Any CPU.ActiveCfg = Release|Any CPU
		{1340FCA6-215A-4D59-9D0E-A23BD17E0F6E}.Release|Any CPU.Build.0 = Release|Any CPU
	EndGlobalSection
	GlobalSection(SolutionProperties) = preSolution
		HideSolutionNode = FALSE
	EndGlobalSection
	GlobalSection(ExtensibilityGlobals) = postSolution
		SolutionGuid = {482E4DE3-EEC8-4741-B50E-15783AD229C7}
	EndGlobalSection
EndGlobal
