
Microsoft Visual Studio Solution File, Format Version 12.00
# Visual Studio Version 17
VisualStudioVersion = 17.0.32014.148
MinimumVisualStudioVersion = 10.0.40219.1
Project("{FAE04EC0-301F-11D3-BF4B-00C04F79EFBC}") = "04 - Add Image to ListView by XAML", "04 - Add Image to ListView by XAML\04 - Add Image to ListView by XAML.csproj", "{79E6ABA7-0AAD-4C32-B13F-7ECDBA2D7A53}"
EndProject
Global
	GlobalSection(SolutionConfigurationPlatforms) = preSolution
		Debug|Any CPU = Debug|Any CPU
		Release|Any CPU = Release|Any CPU
	EndGlobalSection
	GlobalSection(ProjectConfigurationPlatforms) = postSolution
		{79E6ABA7-0AAD-4C32-B13F-7ECDBA2D7A53}.Debug|Any CPU.ActiveCfg = Debug|Any CPU
		{79E6ABA7-0AAD-4C32-B13F-7ECDBA2D7A53}.Debug|Any CPU.Build.0 = Debug|Any CPU
		{79E6ABA7-0AAD-4C32-B13F-7ECDBA2D7A53}.Release|Any CPU.ActiveCfg = Release|Any CPU
		{79E6ABA7-0AAD-4C32-B13F-7ECDBA2D7A53}.Release|Any CPU.Build.0 = Release|Any CPU
	EndGlobalSection
	GlobalSection(SolutionProperties) = preSolution
		HideSolutionNode = FALSE
	EndGlobalSection
	GlobalSection(ExtensibilityGlobals) = postSolution
		SolutionGuid = {6C469113-BA9D-4CE6-986D-AF4749D3A514}
	EndGlobalSection
EndGlobal
