
Microsoft Visual Studio Solution File, Format Version 12.00
# Visual Studio Version 17
VisualStudioVersion = 17.0.32014.148
MinimumVisualStudioVersion = 10.0.40219.1
Project("{FAE04EC0-301F-11D3-BF4B-00C04F79EFBC}") = "01 - WPF Window and Properties", "01 - WPF Window and Properties\01 - WPF Window and Properties.csproj", "{BA42B9AA-BD1D-419C-B0B2-B93BF7FB8903}"
EndProject
Global
	GlobalSection(SolutionConfigurationPlatforms) = preSolution
		Debug|Any CPU = Debug|Any CPU
		Release|Any CPU = Release|Any CPU
	EndGlobalSection
	GlobalSection(ProjectConfigurationPlatforms) = postSolution
		{BA42B9AA-BD1D-419C-B0B2-B93BF7FB8903}.Debug|Any CPU.ActiveCfg = Debug|Any CPU
		{BA42B9AA-BD1D-419C-B0B2-B93BF7FB8903}.Debug|Any CPU.Build.0 = Debug|Any CPU
		{BA42B9AA-BD1D-419C-B0B2-B93BF7FB8903}.Release|Any CPU.ActiveCfg = Release|Any CPU
		{BA42B9AA-BD1D-419C-B0B2-B93BF7FB8903}.Release|Any CPU.Build.0 = Release|Any CPU
	EndGlobalSection
	GlobalSection(SolutionProperties) = preSolution
		HideSolutionNode = FALSE
	EndGlobalSection
	GlobalSection(ExtensibilityGlobals) = postSolution
		SolutionGuid = {7747D1AB-96AD-4396-BDFA-72CAB62E89CA}
	EndGlobalSection
EndGlobal
