
Microsoft Visual Studio Solution File, Format Version 12.00
# Visual Studio Version 17
VisualStudioVersion = 17.0.32014.148
MinimumVisualStudioVersion = 10.0.40219.1
Project("{FAE04EC0-301F-11D3-BF4B-00C04F79EFBC}") = "01 - Start Using the ContextMenu", "01 - Start Using the ContextMenu\01 - Start Using the ContextMenu.csproj", "{6546B77D-1083-45A2-872B-4FB5CEF6DA98}"
EndProject
Global
	GlobalSection(SolutionConfigurationPlatforms) = preSolution
		Debug|Any CPU = Debug|Any CPU
		Release|Any CPU = Release|Any CPU
	EndGlobalSection
	GlobalSection(ProjectConfigurationPlatforms) = postSolution
		{6546B77D-1083-45A2-872B-4FB5CEF6DA98}.Debug|Any CPU.ActiveCfg = Debug|Any CPU
		{6546B77D-1083-45A2-872B-4FB5CEF6DA98}.Debug|Any CPU.Build.0 = Debug|Any CPU
		{6546B77D-1083-45A2-872B-4FB5CEF6DA98}.Release|Any CPU.ActiveCfg = Release|Any CPU
		{6546B77D-1083-45A2-872B-4FB5CEF6DA98}.Release|Any CPU.Build.0 = Release|Any CPU
	EndGlobalSection
	GlobalSection(SolutionProperties) = preSolution
		HideSolutionNode = FALSE
	EndGlobalSection
	GlobalSection(ExtensibilityGlobals) = postSolution
		SolutionGuid = {B429338B-26DB-4FE7-B3B7-F508C64B3AED}
	EndGlobalSection
EndGlobal
