
Microsoft Visual Studio Solution File, Format Version 12.00
# Visual Studio Version 17
VisualStudioVersion = 17.0.32014.148
MinimumVisualStudioVersion = 10.0.40219.1
Project("{FAE04EC0-301F-11D3-BF4B-00C04F79EFBC}") = "04 - Move a File with Code", "04 - Move a File with Code\04 - Move a File with Code.csproj", "{1C8D3A1F-D7CF-458A-9F9F-0D2769B4991D}"
EndProject
Global
	GlobalSection(SolutionConfigurationPlatforms) = preSolution
		Debug|Any CPU = Debug|Any CPU
		Release|Any CPU = Release|Any CPU
	EndGlobalSection
	GlobalSection(ProjectConfigurationPlatforms) = postSolution
		{1C8D3A1F-D7CF-458A-9F9F-0D2769B4991D}.Debug|Any CPU.ActiveCfg = Debug|Any CPU
		{1C8D3A1F-D7CF-458A-9F9F-0D2769B4991D}.Debug|Any CPU.Build.0 = Debug|Any CPU
		{1C8D3A1F-D7CF-458A-9F9F-0D2769B4991D}.Release|Any CPU.ActiveCfg = Release|Any CPU
		{1C8D3A1F-D7CF-458A-9F9F-0D2769B4991D}.Release|Any CPU.Build.0 = Release|Any CPU
	EndGlobalSection
	GlobalSection(SolutionProperties) = preSolution
		HideSolutionNode = FALSE
	EndGlobalSection
	GlobalSection(ExtensibilityGlobals) = postSolution
		SolutionGuid = {ADACD80B-81DF-4BF3-8D86-4CC60B3C2630}
	EndGlobalSection
EndGlobal
