
Microsoft Visual Studio Solution File, Format Version 12.00
# Visual Studio Version 17
VisualStudioVersion = 17.0.32014.148
MinimumVisualStudioVersion = 10.0.40219.1
Project("{FAE04EC0-301F-11D3-BF4B-00C04F79EFBC}") = "03 - Add Items to ListView at Once", "03 - Add Items to ListView at Once\03 - Add Items to ListView at Once.csproj", "{11B15E60-7E9B-463F-AFCC-D1B7C80DDC15}"
EndProject
Global
	GlobalSection(SolutionConfigurationPlatforms) = preSolution
		Debug|Any CPU = Debug|Any CPU
		Release|Any CPU = Release|Any CPU
	EndGlobalSection
	GlobalSection(ProjectConfigurationPlatforms) = postSolution
		{11B15E60-7E9B-463F-AFCC-D1B7C80DDC15}.Debug|Any CPU.ActiveCfg = Debug|Any CPU
		{11B15E60-7E9B-463F-AFCC-D1B7C80DDC15}.Debug|Any CPU.Build.0 = Debug|Any CPU
		{11B15E60-7E9B-463F-AFCC-D1B7C80DDC15}.Release|Any CPU.ActiveCfg = Release|Any CPU
		{11B15E60-7E9B-463F-AFCC-D1B7C80DDC15}.Release|Any CPU.Build.0 = Release|Any CPU
	EndGlobalSection
	GlobalSection(SolutionProperties) = preSolution
		HideSolutionNode = FALSE
	EndGlobalSection
	GlobalSection(ExtensibilityGlobals) = postSolution
		SolutionGuid = {D2010D28-9F46-4612-912F-CCDBD2C5FFD0}
	EndGlobalSection
EndGlobal
