
Microsoft Visual Studio Solution File, Format Version 12.00
# Visual Studio Version 17
VisualStudioVersion = 17.0.32014.148
MinimumVisualStudioVersion = 10.0.40219.1
Project("{FAE04EC0-301F-11D3-BF4B-00C04F79EFBC}") = "04 - How to use This", "04 - How to use This\04 - How to use This.csproj", "{3F8D7530-2EF1-4455-9FDD-C9FDB1C24630}"
EndProject
Global
	GlobalSection(SolutionConfigurationPlatforms) = preSolution
		Debug|Any CPU = Debug|Any CPU
		Release|Any CPU = Release|Any CPU
	EndGlobalSection
	GlobalSection(ProjectConfigurationPlatforms) = postSolution
		{3F8D7530-2EF1-4455-9FDD-C9FDB1C24630}.Debug|Any CPU.ActiveCfg = Debug|Any CPU
		{3F8D7530-2EF1-4455-9FDD-C9FDB1C24630}.Debug|Any CPU.Build.0 = Debug|Any CPU
		{3F8D7530-2EF1-4455-9FDD-C9FDB1C24630}.Release|Any CPU.ActiveCfg = Release|Any CPU
		{3F8D7530-2EF1-4455-9FDD-C9FDB1C24630}.Release|Any CPU.Build.0 = Release|Any CPU
	EndGlobalSection
	GlobalSection(SolutionProperties) = preSolution
		HideSolutionNode = FALSE
	EndGlobalSection
	GlobalSection(ExtensibilityGlobals) = postSolution
		SolutionGuid = {5BBA82BB-E1CB-403B-9600-1A532204EC25}
	EndGlobalSection
EndGlobal
