
Microsoft Visual Studio Solution File, Format Version 12.00
# Visual Studio Version 17
VisualStudioVersion = 17.0.32014.148
MinimumVisualStudioVersion = 10.0.40219.1
Project("{FAE04EC0-301F-11D3-BF4B-00C04F79EFBC}") = "01 - Using Property Trigger", "01 - Using Property Trigger\01 - Using Property Trigger.csproj", "{E3EF60BA-6D0B-4AF5-8B1E-E1A73546EB92}"
EndProject
Global
	GlobalSection(SolutionConfigurationPlatforms) = preSolution
		Debug|Any CPU = Debug|Any CPU
		Release|Any CPU = Release|Any CPU
	EndGlobalSection
	GlobalSection(ProjectConfigurationPlatforms) = postSolution
		{E3EF60BA-6D0B-4AF5-8B1E-E1A73546EB92}.Debug|Any CPU.ActiveCfg = Debug|Any CPU
		{E3EF60BA-6D0B-4AF5-8B1E-E1A73546EB92}.Debug|Any CPU.Build.0 = Debug|Any CPU
		{E3EF60BA-6D0B-4AF5-8B1E-E1A73546EB92}.Release|Any CPU.ActiveCfg = Release|Any CPU
		{E3EF60BA-6D0B-4AF5-8B1E-E1A73546EB92}.Release|Any CPU.Build.0 = Release|Any CPU
	EndGlobalSection
	GlobalSection(SolutionProperties) = preSolution
		HideSolutionNode = FALSE
	EndGlobalSection
	GlobalSection(ExtensibilityGlobals) = postSolution
		SolutionGuid = {987D1D9D-C7BF-4102-8227-2C8992BBCAD1}
	EndGlobalSection
EndGlobal
