
Microsoft Visual Studio Solution File, Format Version 12.00
# Visual Studio Version 17
VisualStudioVersion = 17.0.32014.148
MinimumVisualStudioVersion = 10.0.40219.1
Project("{FAE04EC0-301F-11D3-BF4B-00C04F79EFBC}") = "02 - Add new Window to WPF Project", "02 - Add new Window to WPF Project\02 - Add new Window to WPF Project.csproj", "{F05F3304-8E18-40A5-B4C2-74275B20189A}"
EndProject
Global
	GlobalSection(SolutionConfigurationPlatforms) = preSolution
		Debug|Any CPU = Debug|Any CPU
		Release|Any CPU = Release|Any CPU
	EndGlobalSection
	GlobalSection(ProjectConfigurationPlatforms) = postSolution
		{F05F3304-8E18-40A5-B4C2-74275B20189A}.Debug|Any CPU.ActiveCfg = Debug|Any CPU
		{F05F3304-8E18-40A5-B4C2-74275B20189A}.Debug|Any CPU.Build.0 = Debug|Any CPU
		{F05F3304-8E18-40A5-B4C2-74275B20189A}.Release|Any CPU.ActiveCfg = Release|Any CPU
		{F05F3304-8E18-40A5-B4C2-74275B20189A}.Release|Any CPU.Build.0 = Release|Any CPU
	EndGlobalSection
	GlobalSection(SolutionProperties) = preSolution
		HideSolutionNode = FALSE
	EndGlobalSection
	GlobalSection(ExtensibilityGlobals) = postSolution
		SolutionGuid = {65A69FDB-B5F9-418F-B5C0-5ABA5F64D9EC}
	EndGlobalSection
EndGlobal
