
Microsoft Visual Studio Solution File, Format Version 12.00
# Visual Studio Version 17
VisualStudioVersion = 17.0.32014.148
MinimumVisualStudioVersion = 10.0.40219.1
Project("{FAE04EC0-301F-11D3-BF4B-00C04F79EFBC}") = "02 - Auto Resize Image by Margins", "02 - Auto Resize Image by Margins\02 - Auto Resize Image by Margins.csproj", "{B1617D4D-3E34-4B18-A382-D7F975AFB79F}"
EndProject
Global
	GlobalSection(SolutionConfigurationPlatforms) = preSolution
		Debug|Any CPU = Debug|Any CPU
		Release|Any CPU = Release|Any CPU
	EndGlobalSection
	GlobalSection(ProjectConfigurationPlatforms) = postSolution
		{B1617D4D-3E34-4B18-A382-D7F975AFB79F}.Debug|Any CPU.ActiveCfg = Debug|Any CPU
		{B1617D4D-3E34-4B18-A382-D7F975AFB79F}.Debug|Any CPU.Build.0 = Debug|Any CPU
		{B1617D4D-3E34-4B18-A382-D7F975AFB79F}.Release|Any CPU.ActiveCfg = Release|Any CPU
		{B1617D4D-3E34-4B18-A382-D7F975AFB79F}.Release|Any CPU.Build.0 = Release|Any CPU
	EndGlobalSection
	GlobalSection(SolutionProperties) = preSolution
		HideSolutionNode = FALSE
	EndGlobalSection
	GlobalSection(ExtensibilityGlobals) = postSolution
		SolutionGuid = {2D0839AF-4752-459B-830A-7F7BA07C3201}
	EndGlobalSection
EndGlobal
