
Microsoft Visual Studio Solution File, Format Version 12.00
# Visual Studio Version 17
VisualStudioVersion = 17.0.32014.148
MinimumVisualStudioVersion = 10.0.40219.1
Project("{FAE04EC0-301F-11D3-BF4B-00C04F79EFBC}") = "03 - Change Startup Window", "03 - Change Startup Window\03 - Change Startup Window.csproj", "{305BF4DA-A493-44A8-914B-FEA9E8D2C173}"
EndProject
Global
	GlobalSection(SolutionConfigurationPlatforms) = preSolution
		Debug|Any CPU = Debug|Any CPU
		Release|Any CPU = Release|Any CPU
	EndGlobalSection
	GlobalSection(ProjectConfigurationPlatforms) = postSolution
		{305BF4DA-A493-44A8-914B-FEA9E8D2C173}.Debug|Any CPU.ActiveCfg = Debug|Any CPU
		{305BF4DA-A493-44A8-914B-FEA9E8D2C173}.Debug|Any CPU.Build.0 = Debug|Any CPU
		{305BF4DA-A493-44A8-914B-FEA9E8D2C173}.Release|Any CPU.ActiveCfg = Release|Any CPU
		{305BF4DA-A493-44A8-914B-FEA9E8D2C173}.Release|Any CPU.Build.0 = Release|Any CPU
	EndGlobalSection
	GlobalSection(SolutionProperties) = preSolution
		HideSolutionNode = FALSE
	EndGlobalSection
	GlobalSection(ExtensibilityGlobals) = postSolution
		SolutionGuid = {61B76903-15E3-44D1-8FF8-291A6F9B4F88}
	EndGlobalSection
EndGlobal
