
Microsoft Visual Studio Solution File, Format Version 12.00
# Visual Studio Version 17
VisualStudioVersion = 17.0.32014.148
MinimumVisualStudioVersion = 10.0.40219.1
Project("{FAE04EC0-301F-11D3-BF4B-00C04F79EFBC}") = "03 - Add and Align Controls in Grid", "03 - Add and Align Controls in Grid\03 - Add and Align Controls in Grid.csproj", "{27337072-350A-4520-B225-F3B631948801}"
EndProject
Global
	GlobalSection(SolutionConfigurationPlatforms) = preSolution
		Debug|Any CPU = Debug|Any CPU
		Release|Any CPU = Release|Any CPU
	EndGlobalSection
	GlobalSection(ProjectConfigurationPlatforms) = postSolution
		{27337072-350A-4520-B225-F3B631948801}.Debug|Any CPU.ActiveCfg = Debug|Any CPU
		{27337072-350A-4520-B225-F3B631948801}.Debug|Any CPU.Build.0 = Debug|Any CPU
		{27337072-350A-4520-B225-F3B631948801}.Release|Any CPU.ActiveCfg = Release|Any CPU
		{27337072-350A-4520-B225-F3B631948801}.Release|Any CPU.Build.0 = Release|Any CPU
	EndGlobalSection
	GlobalSection(SolutionProperties) = preSolution
		HideSolutionNode = FALSE
	EndGlobalSection
	GlobalSection(ExtensibilityGlobals) = postSolution
		SolutionGuid = {CD1AB75C-358D-4169-A385-1870D964ADC3}
	EndGlobalSection
EndGlobal
