
Microsoft Visual Studio Solution File, Format Version 12.00
# Visual Studio Version 17
VisualStudioVersion = 17.0.32014.148
MinimumVisualStudioVersion = 10.0.40219.1
Project("{FAE04EC0-301F-11D3-BF4B-00C04F79EFBC}") = "03 - Add Sub Menus to Main Menu", "03 - Add Sub Menus to Main Menu\03 - Add Sub Menus to Main Menu.csproj", "{1303B7EB-505C-4117-8DF1-A43BEE1D8349}"
EndProject
Global
	GlobalSection(SolutionConfigurationPlatforms) = preSolution
		Debug|Any CPU = Debug|Any CPU
		Release|Any CPU = Release|Any CPU
	EndGlobalSection
	GlobalSection(ProjectConfigurationPlatforms) = postSolution
		{1303B7EB-505C-4117-8DF1-A43BEE1D8349}.Debug|Any CPU.ActiveCfg = Debug|Any CPU
		{1303B7EB-505C-4117-8DF1-A43BEE1D8349}.Debug|Any CPU.Build.0 = Debug|Any CPU
		{1303B7EB-505C-4117-8DF1-A43BEE1D8349}.Release|Any CPU.ActiveCfg = Release|Any CPU
		{1303B7EB-505C-4117-8DF1-A43BEE1D8349}.Release|Any CPU.Build.0 = Release|Any CPU
	EndGlobalSection
	GlobalSection(SolutionProperties) = preSolution
		HideSolutionNode = FALSE
	EndGlobalSection
	GlobalSection(ExtensibilityGlobals) = postSolution
		SolutionGuid = {E84F5299-9A7F-4ABA-8884-7391451EACE8}
	EndGlobalSection
EndGlobal
