
Microsoft Visual Studio Solution File, Format Version 12.00
# Visual Studio Version 17
VisualStudioVersion = 17.0.32014.148
MinimumVisualStudioVersion = 10.0.40219.1
Project("{FAE04EC0-301F-11D3-BF4B-00C04F79EFBC}") = "05 - Customize Quick Access ToolBar", "05 - Customize Quick Access ToolBar\05 - Customize Quick Access ToolBar.csproj", "{A55AB27F-F20B-40AA-ADC9-1F170AD11A9A}"
EndProject
Global
	GlobalSection(SolutionConfigurationPlatforms) = preSolution
		Debug|Any CPU = Debug|Any CPU
		Release|Any CPU = Release|Any CPU
	EndGlobalSection
	GlobalSection(ProjectConfigurationPlatforms) = postSolution
		{A55AB27F-F20B-40AA-ADC9-1F170AD11A9A}.Debug|Any CPU.ActiveCfg = Debug|Any CPU
		{A55AB27F-F20B-40AA-ADC9-1F170AD11A9A}.Debug|Any CPU.Build.0 = Debug|Any CPU
		{A55AB27F-F20B-40AA-ADC9-1F170AD11A9A}.Release|Any CPU.ActiveCfg = Release|Any CPU
		{A55AB27F-F20B-40AA-ADC9-1F170AD11A9A}.Release|Any CPU.Build.0 = Release|Any CPU
	EndGlobalSection
	GlobalSection(SolutionProperties) = preSolution
		HideSolutionNode = FALSE
	EndGlobalSection
	GlobalSection(ExtensibilityGlobals) = postSolution
		SolutionGuid = {72AE6303-818B-48B3-9F55-FC36BBCB651E}
	EndGlobalSection
EndGlobal
